
Microsoft Visual Studio Solution File, Format Version 12.00
# Visual Studio Version 17
VisualStudioVersion = 17.10.35027.167
MinimumVisualStudioVersion = 10.0.40219.1
Project("{9A19103F-16F7-4668-BE54-9A1E7A4F7556}") = "Blazor_ApiStatusCheck", "Blazor_ApiStatusCheck\Blazor_ApiStatusCheck.csproj", "{CE068D7E-6BAA-4A2D-9C17-FE7B6F7E64BF}"
EndProject
Project("{9A19103F-16F7-4668-BE54-9A1E7A4F7556}") = "HealthChecker", "..\HealthChecker\HealthChecker.csproj", "{84CCD93E-556F-4069-BA2D-475E9C809113}"
EndProject
Global
	GlobalSection(SolutionConfigurationPlatforms) = preSolution
		Debug|Any CPU = Debug|Any CPU
		Release|Any CPU = Release|Any CPU
	EndGlobalSection
	GlobalSection(ProjectConfigurationPlatforms) = postSolution
		{CE068D7E-6BAA-4A2D-9C17-FE7B6F7E64BF}.Debug|Any CPU.ActiveCfg = Debug|Any CPU
		{CE068D7E-6BAA-4A2D-9C17-FE7B6F7E64BF}.Debug|Any CPU.Build.0 = Debug|Any CPU
		{CE068D7E-6BAA-4A2D-9C17-FE7B6F7E64BF}.Release|Any CPU.ActiveCfg = Release|Any CPU
		{CE068D7E-6BAA-4A2D-9C17-FE7B6F7E64BF}.Release|Any CPU.Build.0 = Release|Any CPU
		{84CCD93E-556F-4069-BA2D-475E9C809113}.Debug|Any CPU.ActiveCfg = Debug|Any CPU
		{84CCD93E-556F-4069-BA2D-475E9C809113}.Debug|Any CPU.Build.0 = Debug|Any CPU
		{84CCD93E-556F-4069-BA2D-475E9C809113}.Release|Any CPU.ActiveCfg = Release|Any CPU
		{84CCD93E-556F-4069-BA2D-475E9C809113}.Release|Any CPU.Build.0 = Release|Any CPU
	EndGlobalSection
	GlobalSection(SolutionProperties) = preSolution
		HideSolutionNode = FALSE
	EndGlobalSection
	GlobalSection(ExtensibilityGlobals) = postSolution
		SolutionGuid = {637C9B5E-03BA-4EA6-82BE-181C1AC3C2D1}
	EndGlobalSection
EndGlobal
